// !$*UTF8*$!
{
	archiveVersion = 1;
	classes = {
	};
	objectVersion = 50;
	objects = {

/* Begin PBXBuildFile section */
		4D18728425B1226800B856EB /* AppDelegate.swift in Sources */ = {isa = PBXBuildFile; fileRef = 4D18728325B1226800B856EB /* AppDelegate.swift */; };
		4D18728625B1226800B856EB /* SceneDelegate.swift in Sources */ = {isa = PBXBuildFile; fileRef = 4D18728525B1226800B856EB /* SceneDelegate.swift */; };
		4D18728825B1226800B856EB /* ContentView.swift in Sources */ = {isa = PBXBuildFile; fileRef = 4D18728725B1226800B856EB /* ContentView.swift */; };
		4D18728A25B1226F00B856EB /* Assets.xcassets in Resources */ = {isa = PBXBuildFile; fileRef = 4D18728925B1226F00B856EB /* Assets.xcassets */; };
		4D18728D25B1226F00B856EB /* Preview Assets.xcassets in Resources */ = {isa = PBXBuildFile; fileRef = 4D18728C25B1226F00B856EB /* Preview Assets.xcassets */; };
		4D18729025B1226F00B856EB /* LaunchScreen.storyboard in Resources */ = {isa = PBXBuildFile; fileRef = 4D18728E25B1226F00B856EB /* LaunchScreen.storyboard */; };
		4D18729B25B1226F00B856EB /* WebviewTests.swift in Sources */ = {isa = PBXBuildFile; fileRef = 4D18729A25B1226F00B856EB /* WebviewTests.swift */; };
		4D1872A625B1227000B856EB /* WebviewUITests.swift in Sources */ = {isa = PBXBuildFile; fileRef = 4D1872A525B1227000B856EB /* WebviewUITests.swift */; };
/* End PBXBuildFile section */

/* Begin PBXContainerItemProxy section */
		4D18729725B1226F00B856EB /* PBXContainerItemProxy */ = {
			isa = PBXContainerItemProxy;
			containerPortal = 4D18727825B1226800B856EB /* Project object */;
			proxyType = 1;
			remoteGlobalIDString = 4D18727F25B1226800B856EB;
			remoteInfo = Webview;
		};
		4D1872A225B1227000B856EB /* PBXContainerItemProxy */ = {
			isa = PBXContainerItemProxy;
			containerPortal = 4D18727825B1226800B856EB /* Project object */;
			proxyType = 1;
			remoteGlobalIDString = 4D18727F25B1226800B856EB;
			remoteInfo = Webview;
		};
/* End PBXContainerItemProxy section */

/* Begin PBXFileReference section */
		4D18728025B1226800B856EB /* Webview.app */ = {isa = PBXFileReference; explicitFileType = wrapper.application; includeInIndex = 0; path = Webview.app; sourceTree = BUILT_PRODUCTS_DIR; };
		4D18728325B1226800B856EB /* AppDelegate.swift */ = {isa = PBXFileReference; lastKnownFileType = sourcecode.swift; path = AppDelegate.swift; sourceTree = "<group>"; };
		4D18728525B1226800B856EB /* SceneDelegate.swift */ = {isa = PBXFileReference; lastKnownFileType = sourcecode.swift; path = SceneDelegate.swift; sourceTree = "<group>"; };
		4D18728725B1226800B856EB /* ContentView.swift */ = {isa = PBXFileReference; lastKnownFileType = sourcecode.swift; path = ContentView.swift; sourceTree = "<group>"; };
		4D18728925B1226F00B856EB /* Assets.xcassets */ = {isa = PBXFileReference; lastKnownFileType = folder.assetcatalog; path = Assets.xcassets; sourceTree = "<group>"; };
		4D18728C25B1226F00B856EB /* Preview Assets.xcassets */ = {isa = PBXFileReference; lastKnownFileType = folder.assetcatalog; path = "Preview Assets.xcassets"; sourceTree = "<group>"; };
		4D18728F25B1226F00B856EB /* Base */ = {isa = PBXFileReference; lastKnownFileType = file.storyboard; name = Base; path = Base.lproj/LaunchScreen.storyboard; sourceTree = "<group>"; };
		4D18729125B1226F00B856EB /* Info.plist */ = {isa = PBXFileReference; lastKnownFileType = text.plist.xml; path = Info.plist; sourceTree = "<group>"; };
		4D18729625B1226F00B856EB /* WebviewTests.xctest */ = {isa = PBXFileReference; explicitFileType = wrapper.cfbundle; includeInIndex = 0; path = WebviewTests.xctest; sourceTree = BUILT_PRODUCTS_DIR; };
		4D18729A25B1226F00B856EB /* WebviewTests.swift */ = {isa = PBXFileReference; lastKnownFileType = sourcecode.swift; path = WebviewTests.swift; sourceTree = "<group>"; };
		4D18729C25B1226F00B856EB /* Info.plist */ = {isa = PBXFileReference; lastKnownFileType = text.plist.xml; path = Info.plist; sourceTree = "<group>"; };
		4D1872A125B1227000B856EB /* WebviewUITests.xctest */ = {isa = PBXFileReference; explicitFileType = wrapper.cfbundle; includeInIndex = 0; path = WebviewUITests.xctest; sourceTree = BUILT_PRODUCTS_DIR; };
		4D1872A525B1227000B856EB /* WebviewUITests.swift */ = {isa = PBXFileReference; lastKnownFileType = sourcecode.swift; path = WebviewUITests.swift; sourceTree = "<group>"; };
		4D1872A725B1227000B856EB /* Info.plist */ = {isa = PBXFileReference; lastKnownFileType = text.plist.xml; path = Info.plist; sourceTree = "<group>"; };
/* End PBXFileReference section */

/* Begin PBXFrameworksBuildPhase section */
		4D18727D25B1226800B856EB /* Frameworks */ = {
			isa = PBXFrameworksBuildPhase;
			buildActionMask = 2147483647;
			files = (
			);
			runOnlyForDeploymentPostprocessing = 0;
		};
		4D18729325B1226F00B856EB /* Frameworks */ = {
			isa = PBXFrameworksBuildPhase;
			buildActionMask = 2147483647;
			files = (
			);
			runOnlyForDeploymentPostprocessing = 0;
		};
		4D18729E25B1227000B856EB /* Frameworks */ = {
			isa = PBXFrameworksBuildPhase;
			buildActionMask = 2147483647;
			files = (
			);
			runOnlyForDeploymentPostprocessing = 0;
		};
/* End PBXFrameworksBuildPhase section */

/* Begin PBXGroup section */
		4D18727725B1226800B856EB = {
			isa = PBXGroup;
			children = (
				4D18728225B1226800B856EB /* Webview */,
				4D18729925B1226F00B856EB /* WebviewTests */,
				4D1872A425B1227000B856EB /* WebviewUITests */,
				4D18728125B1226800B856EB /* Products */,
			);
			sourceTree = "<group>";
		};
		4D18728125B1226800B856EB /* Products */ = {
			isa = PBXGroup;
			children = (
				4D18728025B1226800B856EB /* Webview.app */,
				4D18729625B1226F00B856EB /* WebviewTests.xctest */,
				4D1872A125B1227000B856EB /* WebviewUITests.xctest */,
			);
			name = Products;
			sourceTree = "<group>";
		};
		4D18728225B1226800B856EB /* Webview */ = {
			isa = PBXGroup;
			children = (
				4D18728325B1226800B856EB /* AppDelegate.swift */,
				4D18728525B1226800B856EB /* SceneDelegate.swift */,
				4D18728725B1226800B856EB /* ContentView.swift */,
				4D18728925B1226F00B856EB /* Assets.xcassets */,
				4D18728E25B1226F00B856EB /* LaunchScreen.storyboard */,
				4D18729125B1226F00B856EB /* Info.plist */,
				4D18728B25B1226F00B856EB /* Preview Content */,
			);
			path = Webview;
			sourceTree = "<group>";
		};
		4D18728B25B1226F00B856EB /* Preview Content */ = {
			isa = PBXGroup;
			children = (
				4D18728C25B1226F00B856EB /* Preview Assets.xcassets */,
			);
			path = "Preview Content";
			sourceTree = "<group>";
		};
		4D18729925B1226F00B856EB /* WebviewTests */ = {
			isa = PBXGroup;
			children = (
				4D18729A25B1226F00B856EB /* WebviewTests.swift */,
				4D18729C25B1226F00B856EB /* Info.plist */,
			);
			path = WebviewTests;
			sourceTree = "<group>";
		};
		4D1872A425B1227000B856EB /* WebviewUITests */ = {
			isa = PBXGroup;
			children = (
				4D1872A525B1227000B856EB /* WebviewUITests.swift */,
				4D1872A725B1227000B856EB /* Info.plist */,
			);
			path = WebviewUITests;
			sourceTree = "<group>";
		};
/* End PBXGroup section */

/* Begin PBXNativeTarget section */
		4D18727F25B1226800B856EB /* Webview */ = {
			isa = PBXNativeTarget;
			buildConfigurationList = 4D1872AA25B1227000B856EB /* Build configuration list for PBXNativeTarget "Webview" */;
			buildPhases = (
				4D18727C25B1226800B856EB /* Sources */,
				4D18727D25B1226800B856EB /* Frameworks */,
				4D18727E25B1226800B856EB /* Resources */,
			);
			buildRules = (
			);
			dependencies = (
			);
			name = Webview;
			productName = Webview;
			productReference = 4D18728025B1226800B856EB /* Webview.app */;
			productType = "com.apple.product-type.application";
		};
		4D18729525B1226F00B856EB /* WebviewTests */ = {
			isa = PBXNativeTarget;
			buildConfigurationList = 4D1872AD25B1227000B856EB /* Build configuration list for PBXNativeTarget "WebviewTests" */;
			buildPhases = (
				4D18729225B1226F00B856EB /* Sources */,
				4D18729325B1226F00B856EB /* Frameworks */,
				4D18729425B1226F00B856EB /* Resources */,
			);
			buildRules = (
			);
			dependencies = (
				4D18729825B1226F00B856EB /* PBXTargetDependency */,
			);
			name = WebviewTests;
			productName = WebviewTests;
			productReference = 4D18729625B1226F00B856EB /* WebviewTests.xctest */;
			productType = "com.apple.product-type.bundle.unit-test";
		};
		4D1872A025B1227000B856EB /* WebviewUITests */ = {
			isa = PBXNativeTarget;
			buildConfigurationList = 4D1872B025B1227000B856EB /* Build configuration list for PBXNativeTarget "WebviewUITests" */;
			buildPhases = (
				4D18729D25B1227000B856EB /* Sources */,
				4D18729E25B1227000B856EB /* Frameworks */,
				4D18729F25B1227000B856EB /* Resources */,
			);
			buildRules = (
			);
			dependencies = (
				4D1872A325B1227000B856EB /* PBXTargetDependency */,
			);
			name = WebviewUITests;
			productName = WebviewUITests;
			productReference = 4D1872A125B1227000B856EB /* WebviewUITests.xctest */;
			productType = "com.apple.product-type.bundle.ui-testing";
		};
/* End PBXNativeTarget section */

/* Begin PBXProject section */
		4D18727825B1226800B856EB /* Project object */ = {
			isa = PBXProject;
			attributes = {
				LastSwiftUpdateCheck = 1130;
				LastUpgradeCheck = 1130;
				ORGANIZATIONNAME = "Chris Yoon";
				TargetAttributes = {
					4D18727F25B1226800B856EB = {
						CreatedOnToolsVersion = 11.3;
					};
					4D18729525B1226F00B856EB = {
						CreatedOnToolsVersion = 11.3;
						TestTargetID = 4D18727F25B1226800B856EB;
					};
					4D1872A025B1227000B856EB = {
						CreatedOnToolsVersion = 11.3;
						TestTargetID = 4D18727F25B1226800B856EB;
					};
				};
			};
			buildConfigurationList = 4D18727B25B1226800B856EB /* Build configuration list for PBXProject "Webview" */;
			compatibilityVersion = "Xcode 9.3";
			developmentRegion = en;
			hasScannedForEncodings = 0;
			knownRegions = (
				en,
				Base,
			);
			mainGroup = 4D18727725B1226800B856EB;
			productRefGroup = 4D18728125B1226800B856EB /* Products */;
			projectDirPath = "";
			projectRoot = "";
			targets = (
				4D18727F25B1226800B856EB /* Webview */,
				4D18729525B1226F00B856EB /* WebviewTests */,
				4D1872A025B1227000B856EB /* WebviewUITests */,
			);
		};
/* End PBXProject section */

/* Begin PBXResourcesBuildPhase section */
		4D18727E25B1226800B856EB /* Resources */ = {
			isa = PBXResourcesBuildPhase;
			buildActionMask = 2147483647;
			files = (
				4D18729025B1226F00B856EB /* LaunchScreen.storyboard in Resources */,
				4D18728D25B1226F00B856EB /* Preview Assets.xcassets in Resources */,
				4D18728A25B1226F00B856EB /* Assets.xcassets in Resources */,
			);
			runOnlyForDeploymentPostprocessing = 0;
		};
		4D18729425B1226F00B856EB /* Resources */ = {
			isa = PBXResourcesBuildPhase;
			buildActionMask = 2147483647;
			files = (
			);
			runOnlyForDeploymentPostprocessing = 0;
		};
		4D18729F25B1227000B856EB /* Resources */ = {
			isa = PBXResourcesBuildPhase;
			buildActionMask = 2147483647;
			files = (
			);
			runOnlyForDeploymentPostprocessing = 0;
		};
/* End PBXResourcesBuildPhase section */

/* Begin PBXSourcesBuildPhase section */
		4D18727C25B1226800B856EB /* Sources */ = {
			isa = PBXSourcesBuildPhase;
			buildActionMask = 2147483647;
			files = (
				4D18728425B1226800B856EB /* AppDelegate.swift in Sources */,
				4D18728625B1226800B856EB /* SceneDelegate.swift in Sources */,
				4D18728825B1226800B856EB /* ContentView.swift in Sources */,
			);
			runOnlyForDeploymentPostprocessing = 0;
		};
		4D18729225B1226F00B856EB /* Sources */ = {
			isa = PBXSourcesBuildPhase;
			buildActionMask = 2147483647;
			files = (
				4D18729B25B1226F00B856EB /* WebviewTests.swift in Sources */,
			);
			runOnlyForDeploymentPostprocessing = 0;
		};
		4D18729D25B1227000B856EB /* Sources */ = {
			isa = PBXSourcesBuildPhase;
			buildActionMask = 2147483647;
			files = (
				4D1872A625B1227000B856EB /* WebviewUITests.swift in Sources */,
			);
			runOnlyForDeploymentPostprocessing = 0;
		};
/* End PBXSourcesBuildPhase section */

/* Begin PBXTargetDependency section */
		4D18729825B1226F00B856EB /* PBXTargetDependency */ = {
			isa = PBXTargetDependency;
			target = 4D18727F25B1226800B856EB /* Webview */;
			targetProxy = 4D18729725B1226F00B856EB /* PBXContainerItemProxy */;
		};
		4D1872A325B1227000B856EB /* PBXTargetDependency */ = {
			isa = PBXTargetDependency;
			target = 4D18727F25B1226800B856EB /* Webview */;
			targetProxy = 4D1872A225B1227000B856EB /* PBXContainerItemProxy */;
		};
/* End PBXTargetDependency section */

/* Begin PBXVariantGroup section */
		4D18728E25B1226F00B856EB /* LaunchScreen.storyboard */ = {
			isa = PBXVariantGroup;
			children = (
				4D18728F25B1226F00B856EB /* Base */,
			);
			name = LaunchScreen.storyboard;
			sourceTree = "<group>";
		};
/* End PBXVariantGroup section */

/* Begin XCBuildConfiguration section */
		4D1872A825B1227000B856EB /* Debug */ = {
			isa = XCBuildConfiguration;
			buildSettings = {
				ALWAYS_SEARCH_USER_PATHS = NO;
				CLANG_ANALYZER_NONNULL = YES;
				CLANG_ANALYZER_NUMBER_OBJECT_CONVERSION = YES_AGGRESSIVE;
				CLANG_CXX_LANGUAGE_STANDARD = "gnu++14";
				CLANG_CXX_LIBRARY = "libc++";
				CLANG_ENABLE_MODULES = YES;
				CLANG_ENABLE_OBJC_ARC = YES;
				CLANG_ENABLE_OBJC_WEAK = YES;
				CLANG_WARN_BLOCK_CAPTURE_AUTORELEASING = YES;
				CLANG_WARN_BOOL_CONVERSION = YES;
				CLANG_WARN_COMMA = YES;
				CLANG_WARN_CONSTANT_CONVERSION = YES;
				CLANG_WARN_DEPRECATED_OBJC_IMPLEMENTATIONS = YES;
				CLANG_WARN_DIRECT_OBJC_ISA_USAGE = YES_ERROR;
				CLANG_WARN_DOCUMENTATION_COMMENTS = YES;
				CLANG_WARN_EMPTY_BODY = YES;
				CLANG_WARN_ENUM_CONVERSION = YES;
				CLANG_WARN_INFINITE_RECURSION = YES;
				CLANG_WARN_INT_CONVERSION = YES;
				CLANG_WARN_NON_LITERAL_NULL_CONVERSION = YES;
				CLANG_WARN_OBJC_IMPLICIT_RETAIN_SELF = YES;
				CLANG_WARN_OBJC_LITERAL_CONVERSION = YES;
				CLANG_WARN_OBJC_ROOT_CLASS = YES_ERROR;
				CLANG_WARN_RANGE_LOOP_ANALYSIS = YES;
				CLANG_WARN_STRICT_PROTOTYPES = YES;
				CLANG_WARN_SUSPICIOUS_MOVE = YES;
				CLANG_WARN_UNGUARDED_AVAILABILITY = YES_AGGRESSIVE;
				CLANG_WARN_UNREACHABLE_CODE = YES;
				CLANG_WARN__DUPLICATE_METHOD_MATCH = YES;
				COPY_PHASE_STRIP = NO;
				DEBUG_INFORMATION_FORMAT = dwarf;
				ENABLE_STRICT_OBJC_MSGSEND = YES;
				ENABLE_TESTABILITY = YES;
				GCC_C_LANGUAGE_STANDARD = gnu11;
				GCC_DYNAMIC_NO_PIC = NO;
				GCC_NO_COMMON_BLOCKS = YES;
				GCC_OPTIMIZATION_LEVEL = 0;
				GCC_PREPROCESSOR_DEFINITIONS = (
					"DEBUG=1",
					"$(inherited)",
				);
				GCC_WARN_64_TO_32_BIT_CONVERSION = YES;
				GCC_WARN_ABOUT_RETURN_TYPE = YES_ERROR;
				GCC_WARN_UNDECLARED_SELECTOR = YES;
				GCC_WARN_UNINITIALIZED_AUTOS = YES_AGGRESSIVE;
				GCC_WARN_UNUSED_FUNCTION = YES;
				GCC_WARN_UNUSED_VARIABLE = YES;
				IPHONEOS_DEPLOYMENT_TARGET = 13.2;
				MTL_ENABLE_DEBUG_INFO = INCLUDE_SOURCE;
				MTL_FAST_MATH = YES;
				ONLY_ACTIVE_ARCH = YES;
				SDKROOT = iphoneos;
				SWIFT_ACTIVE_COMPILATION_CONDITIONS = DEBUG;
				SWIFT_OPTIMIZATION_LEVEL = "-Onone";
			};
			name = Debug;
		};
		4D1872A925B1227000B856EB /* Release */ = {
			isa = XCBuildConfiguration;
			buildSettings = {
				ALWAYS_SEARCH_USER_PATHS = NO;
				CLANG_ANALYZER_NONNULL = YES;
				CLANG_ANALYZER_NUMBER_OBJECT_CONVERSION = YES_AGGRESSIVE;
				CLANG_CXX_LANGUAGE_STANDARD = "gnu++14";
				CLANG_CXX_LIBRARY = "libc++";
				CLANG_ENABLE_MODULES = YES;
				CLANG_ENABLE_OBJC_ARC = YES;
				CLANG_ENABLE_OBJC_WEAK = YES;
				CLANG_WARN_BLOCK_CAPTURE_AUTORELEASING = YES;
				CLANG_WARN_BOOL_CONVERSION = YES;
				CLANG_WARN_COMMA = YES;
				CLANG_WARN_CONSTANT_CONVERSION = YES;
				CLANG_WARN_DEPRECATED_OBJC_IMPLEMENTATIONS = YES;
				CLANG_WARN_DIRECT_OBJC_ISA_USAGE = YES_ERROR;
				CLANG_WARN_DOCUMENTATION_COMMENTS = YES;
				CLANG_WARN_EMPTY_BODY = YES;
				CLANG_WARN_ENUM_CONVERSION = YES;
				CLANG_WARN_INFINITE_RECURSION = YES;
				CLANG_WARN_INT_CONVERSION = YES;
				CLANG_WARN_NON_LITERAL_NULL_CONVERSION = YES;
				CLANG_WARN_OBJC_IMPLICIT_RETAIN_SELF = YES;
				CLANG_WARN_OBJC_LITERAL_CONVERSION = YES;
				CLANG_WARN_OBJC_ROOT_CLASS = YES_ERROR;
				CLANG_WARN_RANGE_LOOP_ANALYSIS = YES;
				CLANG_WARN_STRICT_PROTOTYPES = YES;
				CLANG_WARN_SUSPICIOUS_MOVE = YES;
				CLANG_WARN_UNGUARDED_AVAILABILITY = YES_AGGRESSIVE;
				CLANG_WARN_UNREACHABLE_CODE = YES;
				CLANG_WARN__DUPLICATE_METHOD_MATCH = YES;
				COPY_PHASE_STRIP = NO;
				DEBUG_INFORMATION_FORMAT = "dwarf-with-dsym";
				ENABLE_NS_ASSERTIONS = NO;
				ENABLE_STRICT_OBJC_MSGSEND = YES;
				GCC_C_LANGUAGE_STANDARD = gnu11;
				GCC_NO_COMMON_BLOCKS = YES;
				GCC_WARN_64_TO_32_BIT_CONVERSION = YES;
				GCC_WARN_ABOUT_RETURN_TYPE = YES_ERROR;
				GCC_WARN_UNDECLARED_SELECTOR = YES;
				GCC_WARN_UNINITIALIZED_AUTOS = YES_AGGRESSIVE;
				GCC_WARN_UNUSED_FUNCTION = YES;
				GCC_WARN_UNUSED_VARIABLE = YES;
				IPHONEOS_DEPLOYMENT_TARGET = 13.2;
				MTL_ENABLE_DEBUG_INFO = NO;
				MTL_FAST_MATH = YES;
				SDKROOT = iphoneos;
				SWIFT_COMPILATION_MODE = wholemodule;
				SWIFT_OPTIMIZATION_LEVEL = "-O";
				VALIDATE_PRODUCT = YES;
			};
			name = Release;
		};
		4D1872AB25B1227000B856EB /* Debug */ = {
			isa = XCBuildConfiguration;
			buildSettings = {
				ASSETCATALOG_COMPILER_APPICON_NAME = AppIcon;
				CODE_SIGN_STYLE = Automatic;
				DEVELOPMENT_ASSET_PATHS = "\"Webview/Preview Content\"";
				ENABLE_PREVIEWS = YES;
				INFOPLIST_FILE = Webview/Info.plist;
				LD_RUNPATH_SEARCH_PATHS = (
					"$(inherited)",
					"@executable_path/Frameworks",
				);
				PRODUCT_BUNDLE_IDENTIFIER = com.chrisjyoon.Webview;
				PRODUCT_NAME = "$(TARGET_NAME)";
				SWIFT_VERSION = 5.0;
				TARGETED_DEVICE_FAMILY = "1,2";
			};
			name = Debug;
		};
		4D1872AC25B1227000B856EB /* Release */ = {
			isa = XCBuildConfiguration;
			buildSettings = {
				ASSETCATALOG_COMPILER_APPICON_NAME = AppIcon;
				CODE_SIGN_STYLE = Automatic;
				DEVELOPMENT_ASSET_PATHS = "\"Webview/Preview Content\"";
				ENABLE_PREVIEWS = YES;
				INFOPLIST_FILE = Webview/Info.plist;
				LD_RUNPATH_SEARCH_PATHS = (
					"$(inherited)",
					"@executable_path/Frameworks",
				);
				PRODUCT_BUNDLE_IDENTIFIER = com.chrisjyoon.Webview;
				PRODUCT_NAME = "$(TARGET_NAME)";
				SWIFT_VERSION = 5.0;
				TARGETED_DEVICE_FAMILY = "1,2";
			};
			name = Release;
		};
		4D1872AE25B1227000B856EB /* Debug */ = {
			isa = XCBuildConfiguration;
			buildSettings = {
				ALWAYS_EMBED_SWIFT_STANDARD_LIBRARIES = YES;
				BUNDLE_LOADER = "$(TEST_HOST)";
				CODE_SIGN_STYLE = Automatic;
				INFOPLIST_FILE = WebviewTests/Info.plist;
				IPHONEOS_DEPLOYMENT_TARGET = 13.2;
				LD_RUNPATH_SEARCH_PATHS = (
					"$(inherited)",
					"@executable_path/Frameworks",
					"@loader_path/Frameworks",
				);
				PRODUCT_BUNDLE_IDENTIFIER = com.chrisjyoon.WebviewTests;
				PRODUCT_NAME = "$(TARGET_NAME)";
				SWIFT_VERSION = 5.0;
				TARGETED_DEVICE_FAMILY = "1,2";
				TEST_HOST = "$(BUILT_PRODUCTS_DIR)/Webview.app/Webview";
			};
			name = Debug;
		};
		4D1872AF25B1227000B856EB /* Release */ = {
			isa = XCBuildConfiguration;
			buildSettings = {
				ALWAYS_EMBED_SWIFT_STANDARD_LIBRARIES = YES;
				BUNDLE_LOADER = "$(TEST_HOST)";
				CODE_SIGN_STYLE = Automatic;
				INFOPLIST_FILE = WebviewTests/Info.plist;
				IPHONEOS_DEPLOYMENT_TARGET = 13.2;
				LD_RUNPATH_SEARCH_PATHS = (
					"$(inherited)",
					"@executable_path/Frameworks",
					"@loader_path/Frameworks",
				);
				PRODUCT_BUNDLE_IDENTIFIER = com.chrisjyoon.WebviewTests;
				PRODUCT_NAME = "$(TARGET_NAME)";
				SWIFT_VERSION = 5.0;
				TARGETED_DEVICE_FAMILY = "1,2";
				TEST_HOST = "$(BUILT_PRODUCTS_DIR)/Webview.app/Webview";
			};
			name = Release;
		};
		4D1872B125B1227000B856EB /* Debug */ = {
			isa = XCBuildConfiguration;
			buildSettings = {
				ALWAYS_EMBED_SWIFT_STANDARD_LIBRARIES = YES;
				CODE_SIGN_STYLE = Automatic;
				INFOPLIST_FILE = WebviewUITests/Info.plist;
				LD_RUNPATH_SEARCH_PATHS = (
					"$(inherited)",
					"@executable_path/Frameworks",
					"@loader_path/Frameworks",
				);
				PRODUCT_BUNDLE_IDENTIFIER = com.chrisjyoon.WebviewUITests;
				PRODUCT_NAME = "$(TARGET_NAME)";
				SWIFT_VERSION = 5.0;
				TARGETED_DEVICE_FAMILY = "1,2";
				TEST_TARGET_NAME = Webview;
			};
			name = Debug;
		};
		4D1872B225B1227000B856EB /* Release */ = {
			isa = XCBuildConfiguration;
			buildSettings = {
				ALWAYS_EMBED_SWIFT_STANDARD_LIBRARIES = YES;
				CODE_SIGN_STYLE = Automatic;
				INFOPLIST_FILE = WebviewUITests/Info.plist;
				LD_RUNPATH_SEARCH_PATHS = (
					"$(inherited)",
					"@executable_path/Frameworks",
					"@loader_path/Frameworks",
				);
				PRODUCT_BUNDLE_IDENTIFIER = com.chrisjyoon.WebviewUITests;
				PRODUCT_NAME = "$(TARGET_NAME)";
				SWIFT_VERSION = 5.0;
				TARGETED_DEVICE_FAMILY = "1,2";
				TEST_TARGET_NAME = Webview;
			};
			name = Release;
		};
/* End XCBuildConfiguration section */

/* Begin XCConfigurationList section */
		4D18727B25B1226800B856EB /* Build configuration list for PBXProject "Webview" */ = {
			isa = XCConfigurationList;
			buildConfigurations = (
				4D1872A825B1227000B856EB /* Debug */,
				4D1872A925B1227000B856EB /* Release */,
			);
			defaultConfigurationIsVisible = 0;
			defaultConfigurationName = Release;
		};
		4D1872AA25B1227000B856EB /* Build configuration list for PBXNativeTarget "Webview" */ = {
			isa = XCConfigurationList;
			buildConfigurations = (
				4D1872AB25B1227000B856EB /* Debug */,
				4D1872AC25B1227000B856EB /* Release */,
			);
			defaultConfigurationIsVisible = 0;
			defaultConfigurationName = Release;
		};
		4D1872AD25B1227000B856EB /* Build configuration list for PBXNativeTarget "WebviewTests" */ = {
			isa = XCConfigurationList;
			buildConfigurations = (
				4D1872AE25B1227000B856EB /* Debug */,
				4D1872AF25B1227000B856EB /* Release */,
			);
			defaultConfigurationIsVisible = 0;
			defaultConfigurationName = Release;
		};
		4D1872B025B1227000B856EB /* Build configuration list for PBXNativeTarget "WebviewUITests" */ = {
			isa = XCConfigurationList;
			buildConfigurations = (
				4D1872B125B1227000B856EB /* Debug */,
				4D1872B225B1227000B856EB /* Release */,
			);
			defaultConfigurationIsVisible = 0;
			defaultConfigurationName = Release;
		};
/* End XCConfigurationList section */
	};
	rootObject = 4D18727825B1226800B856EB /* Project object */;
}
